
Microsoft Visual Studio Solution File, Format Version 12.00
# Visual Studio Version 16
VisualStudioVersion = 16.0.31313.79
MinimumVisualStudioVersion = 10.0.40219.1
Project("{FAE04EC0-301F-11D3-BF4B-00C04F79EFBC}") = "LombardApp", "LombardApp\LombardApp.csproj", "{520D844A-767C-4C3C-8A27-1D7A1BF09C4F}"
EndProject
Global
	GlobalSection(SolutionConfigurationPlatforms) = preSolution
		Debug|Any CPU = Debug|Any CPU
		Release|Any CPU = Release|Any CPU
	EndGlobalSection
	GlobalSection(ProjectConfigurationPlatforms) = postSolution
		{520D844A-767C-4C3C-8A27-1D7A1BF09C4F}.Debug|Any CPU.ActiveCfg = Debug|Any CPU
		{520D844A-767C-4C3C-8A27-1D7A1BF09C4F}.Debug|Any CPU.Build.0 = Debug|Any CPU
		{520D844A-767C-4C3C-8A27-1D7A1BF09C4F}.Release|Any CPU.ActiveCfg = Release|Any CPU
		{520D844A-767C-4C3C-8A27-1D7A1BF09C4F}.Release|Any CPU.Build.0 = Release|Any CPU
	EndGlobalSection
	GlobalSection(SolutionProperties) = preSolution
		HideSolutionNode = FALSE
	EndGlobalSection
	GlobalSection(ExtensibilityGlobals) = postSolution
		SolutionGuid = {F7F64DEF-7D5D-46DC-9D10-65F4BF382B89}
	EndGlobalSection
EndGlobal
